# THIS IS AN AUTOGENERATED FILE. DO NOT EDIT THIS FILE DIRECTLY.
# yarn lockfile v1


"argparse@^1.0.7":
  "integrity" "sha512-iK7YPKV+GsvihPUTKcM3hh2gq47zSFCpVDv/Ay2O9mzuD7dfvLV4vhms4XcjZvv4VRgXuGLMEts51IlTjS11/A=="
  "resolved" "https://registry.npmjs.org/argparse/-/argparse-1.0.9.tgz"
  "version" "1.0.9"
  dependencies:
    "sprintf-js" "~1.0.2"

"esprima@^4.0.0":
  "integrity" "sha512-oftTcaMu/EGrEIu904mWteKIv8vMuOgGYo7EhVJJN00R/EED9DCua/xxHRdYnKtcECzVg7xOWhflvJMnqcFZjw=="
  "resolved" "https://registry.npmjs.org/esprima/-/esprima-4.0.0.tgz"
  "version" "4.0.0"

"js-yaml@^3.13.1":
  "integrity" "sha512-YfbcO7jXDdyj0DGxYVSlSeQNHbD7XPWvrVWeVUujrQEoZzWJIRrCPoyk6kL6IAjAG2IolMK4T0hNUe0HOUs5Jw=="
  "resolved" "https://registry.npmjs.org/js-yaml/-/js-yaml-3.13.1.tgz"
  "version" "3.13.1"
  dependencies:
    "argparse" "^1.0.7"
    "esprima" "^4.0.0"

"loader-utils@^3.2.1":
  "integrity" "sha512-ZvFw1KWS3GVyYBYb7qkmRM/WwL2TQQBxgCK62rlvm4WpVQ23Nb4tYjApUlfjrEGvOs7KHEsmyUn75OHZrJMWPw=="
  "resolved" "https://registry.npmjs.org/loader-utils/-/loader-utils-3.2.1.tgz"
  "version" "3.2.1"

"sprintf-js@~1.0.2":
  "integrity" "sha512-D9cPgkvLlV3t3IzL0D0YLvGA9Ahk4PcvVwUbN0dSGr1aP0Nrt4AEnTUbuGvquEC0mA64Gqt1fzirlRs5ibXx8g=="
  "resolved" "https://registry.npmjs.org/sprintf-js/-/sprintf-js-1.0.3.tgz"
  "version" "1.0.3"

"un-eval@^1.2.0":
  "integrity" "sha512-Wlj/pum6dQtGTPD/lclDtoVPkSfpjPfy1dwnnKw/sZP5DpBH9fLhBgQfsqNhe5/gS1D+vkZUuB771NRMUPA5CA=="
  "resolved" "https://registry.npmjs.org/un-eval/-/un-eval-1.2.0.tgz"
  "version" "1.2.0"
